# THIS IS AN AUTOGENERATED FILE. DO NOT EDIT THIS FILE DIRECTLY.
# yarn lockfile v1


elm-tooling@^1.9.0:
  version "1.9.0"
  resolved "https://registry.yarnpkg.com/elm-tooling/-/elm-tooling-1.9.0.tgz#71112b96f031905f99b9bcc841e2dd9b1d1d71e4"
  integrity sha512-FuMsshhsnjAizktA/j5JWLHLHZDt6CSmXbGQZtgOTNz86Z9eUxTupoZZ8czpW2aRWBUiD6IhJNWDQjJsgNuEIg==
