# THIS IS AN AUTOGENERATED FILE. DO NOT EDIT THIS FILE DIRECTLY.
# yarn lockfile v1


elm-tooling@^1.4.0:
  version "1.4.0"
  resolved "https://registry.yarnpkg.com/elm-tooling/-/elm-tooling-1.4.0.tgz#50ca1bdc393ef932888910b742c8a084257de033"
  integrity sha512-9mZc1OjRiY/yotgGVaRLsxrnt8+RCxyZECXqfho7i5M547mPlyOidYonnrVo1HUcQNShHW01CdYgOd8lKb9wCw==
