# THIS IS AN AUTOGENERATED FILE. DO NOT EDIT THIS FILE DIRECTLY.
# yarn lockfile v1


elm-tooling@^1.1.0:
  version "1.1.0"
  resolved "https://registry.yarnpkg.com/elm-tooling/-/elm-tooling-1.1.0.tgz#3ce99b12f0ba82bdb53921a267835966f5a1432a"
  integrity sha512-wziiwTbqBkK/905a6stCpTWJhYEKNb4CCYt36VEd5XWmaLSelMOR+SxKcEPpxsiK/tFZ4o0PbW+h1QC5tWfYUQ==
